// !$*UTF8*$!
{
	archiveVersion = 1;
	classes = {
	};
	objectVersion = 50;
	objects = {

/* Begin PBXBuildFile section */
		02B98D2326AF974B00DD7DA4 /* UITrace2021_7_27_App.swift in Sources */ = {isa = PBXBuildFile; fileRef = 02B98D2226AF974B00DD7DA4 /* UITrace2021_7_27_App.swift */; };
		02B98D2526AF974B00DD7DA4 /* ContentView.swift in Sources */ = {isa = PBXBuildFile; fileRef = 02B98D2426AF974B00DD7DA4 /* ContentView.swift */; };
		02B98D2726AF974E00DD7DA4 /* Assets.xcassets in Resources */ = {isa = PBXBuildFile; fileRef = 02B98D2626AF974E00DD7DA4 /* Assets.xcassets */; };
		02B98D2A26AF974E00DD7DA4 /* Preview Assets.xcassets in Resources */ = {isa = PBXBuildFile; fileRef = 02B98D2926AF974E00DD7DA4 /* Preview Assets.xcassets */; };
/* End PBXBuildFile section */

/* Begin PBXFileReference section */
		02B98D1F26AF974B00DD7DA4 /* UITrace2021年7月27日.app */ = {isa = PBXFileReference; explicitFileType = wrapper.application; includeInIndex = 0; path = "UITrace2021年7月27日.app"; sourceTree = BUILT_PRODUCTS_DIR; };
		02B98D2226AF974B00DD7DA4 /* UITrace2021_7_27_App.swift */ = {isa = PBXFileReference; lastKnownFileType = sourcecode.swift; path = UITrace2021_7_27_App.swift; sourceTree = "<group>"; };
		02B98D2426AF974B00DD7DA4 /* ContentView.swift */ = {isa = PBXFileReference; lastKnownFileType = sourcecode.swift; path = ContentView.swift; sourceTree = "<group>"; };
		02B98D2626AF974E00DD7DA4 /* Assets.xcassets */ = {isa = PBXFileReference; lastKnownFileType = folder.assetcatalog; path = Assets.xcassets; sourceTree = "<group>"; };
		02B98D2926AF974E00DD7DA4 /* Preview Assets.xcassets */ = {isa = PBXFileReference; lastKnownFileType = folder.assetcatalog; path = "Preview Assets.xcassets"; sourceTree = "<group>"; };
		02B98D2B26AF974E00DD7DA4 /* Info.plist */ = {isa = PBXFileReference; lastKnownFileType = text.plist.xml; path = Info.plist; sourceTree = "<group>"; };
/* End PBXFileReference section */

/* Begin PBXFrameworksBuildPhase section */
		02B98D1C26AF974B00DD7DA4 /* Frameworks */ = {
			isa = PBXFrameworksBuildPhase;
			buildActionMask = 2147483647;
			files = (
			);
			runOnlyForDeploymentPostprocessing = 0;
		};
/* End PBXFrameworksBuildPhase section */

/* Begin PBXGroup section */
		02B98D1626AF974B00DD7DA4 = {
			isa = PBXGroup;
			children = (
				02B98D2126AF974B00DD7DA4 /* UITrace2021年7月27日 */,
				02B98D2026AF974B00DD7DA4 /* Products */,
			);
			sourceTree = "<group>";
		};
		02B98D2026AF974B00DD7DA4 /* Products */ = {
			isa = PBXGroup;
			children = (
				02B98D1F26AF974B00DD7DA4 /* UITrace2021年7月27日.app */,
			);
			name = Products;
			sourceTree = "<group>";
		};
		02B98D2126AF974B00DD7DA4 /* UITrace2021年7月27日 */ = {
			isa = PBXGroup;
			children = (
				02B98D2226AF974B00DD7DA4 /* UITrace2021_7_27_App.swift */,
				02B98D2426AF974B00DD7DA4 /* ContentView.swift */,
				02B98D2626AF974E00DD7DA4 /* Assets.xcassets */,
				02B98D2B26AF974E00DD7DA4 /* Info.plist */,
				02B98D2826AF974E00DD7DA4 /* Preview Content */,
			);
			path = "UITrace2021年7月27日";
			sourceTree = "<group>";
		};
		02B98D2826AF974E00DD7DA4 /* Preview Content */ = {
			isa = PBXGroup;
			children = (
				02B98D2926AF974E00DD7DA4 /* Preview Assets.xcassets */,
			);
			path = "Preview Content";
			sourceTree = "<group>";
		};
/* End PBXGroup section */

/* Begin PBXNativeTarget section */
		02B98D1E26AF974B00DD7DA4 /* UITrace2021年7月27日 */ = {
			isa = PBXNativeTarget;
			buildConfigurationList = 02B98D2E26AF974E00DD7DA4 /* Build configuration list for PBXNativeTarget "UITrace2021年7月27日" */;
			buildPhases = (
				02B98D1B26AF974B00DD7DA4 /* Sources */,
				02B98D1C26AF974B00DD7DA4 /* Frameworks */,
				02B98D1D26AF974B00DD7DA4 /* Resources */,
			);
			buildRules = (
			);
			dependencies = (
			);
			name = "UITrace2021年7月27日";
			productName = "UITrace2021年7月27日";
			productReference = 02B98D1F26AF974B00DD7DA4 /* UITrace2021年7月27日.app */;
			productType = "com.apple.product-type.application";
		};
/* End PBXNativeTarget section */

/* Begin PBXProject section */
		02B98D1726AF974B00DD7DA4 /* Project object */ = {
			isa = PBXProject;
			attributes = {
				LastSwiftUpdateCheck = 1250;
				LastUpgradeCheck = 1250;
				TargetAttributes = {
					02B98D1E26AF974B00DD7DA4 = {
						CreatedOnToolsVersion = 12.5.1;
					};
				};
			};
			buildConfigurationList = 02B98D1A26AF974B00DD7DA4 /* Build configuration list for PBXProject "UITrace2021年7月27日" */;
			compatibilityVersion = "Xcode 9.3";
			developmentRegion = en;
			hasScannedForEncodings = 0;
			knownRegions = (
				en,
				Base,
			);
			mainGroup = 02B98D1626AF974B00DD7DA4;
			productRefGroup = 02B98D2026AF974B00DD7DA4 /* Products */;
			projectDirPath = "";
			projectRoot = "";
			targets = (
				02B98D1E26AF974B00DD7DA4 /* UITrace2021年7月27日 */,
			);
		};
/* End PBXProject section */

/* Begin PBXResourcesBuildPhase section */
		02B98D1D26AF974B00DD7DA4 /* Resources */ = {
			isa = PBXResourcesBuildPhase;
			buildActionMask = 2147483647;
			files = (
				02B98D2A26AF974E00DD7DA4 /* Preview Assets.xcassets in Resources */,
				02B98D2726AF974E00DD7DA4 /* Assets.xcassets in Resources */,
			);
			runOnlyForDeploymentPostprocessing = 0;
		};
/* End PBXResourcesBuildPhase section */

/* Begin PBXSourcesBuildPhase section */
		02B98D1B26AF974B00DD7DA4 /* Sources */ = {
			isa = PBXSourcesBuildPhase;
			buildActionMask = 2147483647;
			files = (
				02B98D2526AF974B00DD7DA4 /* ContentView.swift in Sources */,
				02B98D2326AF974B00DD7DA4 /* UITrace2021_7_27_App.swift in Sources */,
			);
			runOnlyForDeploymentPostprocessing = 0;
		};
/* End PBXSourcesBuildPhase section */

/* Begin XCBuildConfiguration section */
		02B98D2C26AF974E00DD7DA4 /* Debug */ = {
			isa = XCBuildConfiguration;
			buildSettings = {
				ALWAYS_SEARCH_USER_PATHS = NO;
				CLANG_ANALYZER_NONNULL = YES;
				CLANG_ANALYZER_NUMBER_OBJECT_CONVERSION = YES_AGGRESSIVE;
				CLANG_CXX_LANGUAGE_STANDARD = "gnu++14";
				CLANG_CXX_LIBRARY = "libc++";
				CLANG_ENABLE_MODULES = YES;
				CLANG_ENABLE_OBJC_ARC = YES;
				CLANG_ENABLE_OBJC_WEAK = YES;
				CLANG_WARN_BLOCK_CAPTURE_AUTORELEASING = YES;
				CLANG_WARN_BOOL_CONVERSION = YES;
				CLANG_WARN_COMMA = YES;
				CLANG_WARN_CONSTANT_CONVERSION = YES;
				CLANG_WARN_DEPRECATED_OBJC_IMPLEMENTATIONS = YES;
				CLANG_WARN_DIRECT_OBJC_ISA_USAGE = YES_ERROR;
				CLANG_WARN_DOCUMENTATION_COMMENTS = YES;
				CLANG_WARN_EMPTY_BODY = YES;
				CLANG_WARN_ENUM_CONVERSION = YES;
				CLANG_WARN_INFINITE_RECURSION = YES;
				CLANG_WARN_INT_CONVERSION = YES;
				CLANG_WARN_NON_LITERAL_NULL_CONVERSION = YES;
				CLANG_WARN_OBJC_IMPLICIT_RETAIN_SELF = YES;
				CLANG_WARN_OBJC_LITERAL_CONVERSION = YES;
				CLANG_WARN_OBJC_ROOT_CLASS = YES_ERROR;
				CLANG_WARN_QUOTED_INCLUDE_IN_FRAMEWORK_HEADER = YES;
				CLANG_WARN_RANGE_LOOP_ANALYSIS = YES;
				CLANG_WARN_STRICT_PROTOTYPES = YES;
				CLANG_WARN_SUSPICIOUS_MOVE = YES;
				CLANG_WARN_UNGUARDED_AVAILABILITY = YES_AGGRESSIVE;
				CLANG_WARN_UNREACHABLE_CODE = YES;
				CLANG_WARN__DUPLICATE_METHOD_MATCH = YES;
				COPY_PHASE_STRIP = NO;
				DEBUG_INFORMATION_FORMAT = dwarf;
				ENABLE_STRICT_OBJC_MSGSEND = YES;
				ENABLE_TESTABILITY = YES;
				GCC_C_LANGUAGE_STANDARD = gnu11;
				GCC_DYNAMIC_NO_PIC = NO;
				GCC_NO_COMMON_BLOCKS = YES;
				GCC_OPTIMIZATION_LEVEL = 0;
				GCC_PREPROCESSOR_DEFINITIONS = (
					"DEBUG=1",
					"$(inherited)",
				);
				GCC_WARN_64_TO_32_BIT_CONVERSION = YES;
				GCC_WARN_ABOUT_RETURN_TYPE = YES_ERROR;
				GCC_WARN_UNDECLARED_SELECTOR = YES;
				GCC_WARN_UNINITIALIZED_AUTOS = YES_AGGRESSIVE;
				GCC_WARN_UNUSED_FUNCTION = YES;
				GCC_WARN_UNUSED_VARIABLE = YES;
				IPHONEOS_DEPLOYMENT_TARGET = 14.5;
				MTL_ENABLE_DEBUG_INFO = INCLUDE_SOURCE;
				MTL_FAST_MATH = YES;
				ONLY_ACTIVE_ARCH = YES;
				SDKROOT = iphoneos;
				SWIFT_ACTIVE_COMPILATION_CONDITIONS = DEBUG;
				SWIFT_OPTIMIZATION_LEVEL = "-Onone";
			};
			name = Debug;
		};
		02B98D2D26AF974E00DD7DA4 /* Release */ = {
			isa = XCBuildConfiguration;
			buildSettings = {
				ALWAYS_SEARCH_USER_PATHS = NO;
				CLANG_ANALYZER_NONNULL = YES;
				CLANG_ANALYZER_NUMBER_OBJECT_CONVERSION = YES_AGGRESSIVE;
				CLANG_CXX_LANGUAGE_STANDARD = "gnu++14";
				CLANG_CXX_LIBRARY = "libc++";
				CLANG_ENABLE_MODULES = YES;
				CLANG_ENABLE_OBJC_ARC = YES;
				CLANG_ENABLE_OBJC_WEAK = YES;
				CLANG_WARN_BLOCK_CAPTURE_AUTORELEASING = YES;
				CLANG_WARN_BOOL_CONVERSION = YES;
				CLANG_WARN_COMMA = YES;
				CLANG_WARN_CONSTANT_CONVERSION = YES;
				CLANG_WARN_DEPRECATED_OBJC_IMPLEMENTATIONS = YES;
				CLANG_WARN_DIRECT_OBJC_ISA_USAGE = YES_ERROR;
				CLANG_WARN_DOCUMENTATION_COMMENTS = YES;
				CLANG_WARN_EMPTY_BODY = YES;
				CLANG_WARN_ENUM_CONVERSION = YES;
				CLANG_WARN_INFINITE_RECURSION = YES;
				CLANG_WARN_INT_CONVERSION = YES;
				CLANG_WARN_NON_LITERAL_NULL_CONVERSION = YES;
				CLANG_WARN_OBJC_IMPLICIT_RETAIN_SELF = YES;
				CLANG_WARN_OBJC_LITERAL_CONVERSION = YES;
				CLANG_WARN_OBJC_ROOT_CLASS = YES_ERROR;
				CLANG_WARN_QUOTED_INCLUDE_IN_FRAMEWORK_HEADER = YES;
				CLANG_WARN_RANGE_LOOP_ANALYSIS = YES;
				CLANG_WARN_STRICT_PROTOTYPES = YES;
				CLANG_WARN_SUSPICIOUS_MOVE = YES;
				CLANG_WARN_UNGUARDED_AVAILABILITY = YES_AGGRESSIVE;
				CLANG_WARN_UNREACHABLE_CODE = YES;
				CLANG_WARN__DUPLICATE_METHOD_MATCH = YES;
				COPY_PHASE_STRIP = NO;
				DEBUG_INFORMATION_FORMAT = "dwarf-with-dsym";
				ENABLE_NS_ASSERTIONS = NO;
				ENABLE_STRICT_OBJC_MSGSEND = YES;
				GCC_C_LANGUAGE_STANDARD = gnu11;
				GCC_NO_COMMON_BLOCKS = YES;
				GCC_WARN_64_TO_32_BIT_CONVERSION = YES;
				GCC_WARN_ABOUT_RETURN_TYPE = YES_ERROR;
				GCC_WARN_UNDECLARED_SELECTOR = YES;
				GCC_WARN_UNINITIALIZED_AUTOS = YES_AGGRESSIVE;
				GCC_WARN_UNUSED_FUNCTION = YES;
				GCC_WARN_UNUSED_VARIABLE = YES;
				IPHONEOS_DEPLOYMENT_TARGET = 14.5;
				MTL_ENABLE_DEBUG_INFO = NO;
				MTL_FAST_MATH = YES;
				SDKROOT = iphoneos;
				SWIFT_COMPILATION_MODE = wholemodule;
				SWIFT_OPTIMIZATION_LEVEL = "-O";
				VALIDATE_PRODUCT = YES;
			};
			name = Release;
		};
		02B98D2F26AF974E00DD7DA4 /* Debug */ = {
			isa = XCBuildConfiguration;
			buildSettings = {
				ASSETCATALOG_COMPILER_APPICON_NAME = AppIcon;
				ASSETCATALOG_COMPILER_GLOBAL_ACCENT_COLOR_NAME = AccentColor;
				CODE_SIGN_STYLE = Automatic;
				DEVELOPMENT_ASSET_PATHS = "\"UITrace2021年7月27日/Preview Content\"";
				DEVELOPMENT_TEAM = 3A74B9LK8K;
				ENABLE_PREVIEWS = YES;
				INFOPLIST_FILE = "UITrace2021年7月27日/Info.plist";
				IPHONEOS_DEPLOYMENT_TARGET = 14.0;
				LD_RUNPATH_SEARCH_PATHS = (
					"$(inherited)",
					"@executable_path/Frameworks",
				);
				PRODUCT_BUNDLE_IDENTIFIER = "com.SheheiYoshida.UITrace2021-7-27-";
				PRODUCT_NAME = "$(TARGET_NAME)";
				SWIFT_VERSION = 5.0;
				TARGETED_DEVICE_FAMILY = "1,2";
			};
			name = Debug;
		};
		02B98D3026AF974E00DD7DA4 /* Release */ = {
			isa = XCBuildConfiguration;
			buildSettings = {
				ASSETCATALOG_COMPILER_APPICON_NAME = AppIcon;
				ASSETCATALOG_COMPILER_GLOBAL_ACCENT_COLOR_NAME = AccentColor;
				CODE_SIGN_STYLE = Automatic;
				DEVELOPMENT_ASSET_PATHS = "\"UITrace2021年7月27日/Preview Content\"";
				DEVELOPMENT_TEAM = 3A74B9LK8K;
				ENABLE_PREVIEWS = YES;
				INFOPLIST_FILE = "UITrace2021年7月27日/Info.plist";
				IPHONEOS_DEPLOYMENT_TARGET = 14.0;
				LD_RUNPATH_SEARCH_PATHS = (
					"$(inherited)",
					"@executable_path/Frameworks",
				);
				PRODUCT_BUNDLE_IDENTIFIER = "com.SheheiYoshida.UITrace2021-7-27-";
				PRODUCT_NAME = "$(TARGET_NAME)";
				SWIFT_VERSION = 5.0;
				TARGETED_DEVICE_FAMILY = "1,2";
			};
			name = Release;
		};
/* End XCBuildConfiguration section */

/* Begin XCConfigurationList section */
		02B98D1A26AF974B00DD7DA4 /* Build configuration list for PBXProject "UITrace2021年7月27日" */ = {
			isa = XCConfigurationList;
			buildConfigurations = (
				02B98D2C26AF974E00DD7DA4 /* Debug */,
				02B98D2D26AF974E00DD7DA4 /* Release */,
			);
			defaultConfigurationIsVisible = 0;
			defaultConfigurationName = Release;
		};
		02B98D2E26AF974E00DD7DA4 /* Build configuration list for PBXNativeTarget "UITrace2021年7月27日" */ = {
			isa = XCConfigurationList;
			buildConfigurations = (
				02B98D2F26AF974E00DD7DA4 /* Debug */,
				02B98D3026AF974E00DD7DA4 /* Release */,
			);
			defaultConfigurationIsVisible = 0;
			defaultConfigurationName = Release;
		};
/* End XCConfigurationList section */
	};
	rootObject = 02B98D1726AF974B00DD7DA4 /* Project object */;
}
